
Microsoft Visual Studio Solution File, Format Version 12.00
# Visual Studio Version 16
VisualStudioVersion = 16.0.29911.84
MinimumVisualStudioVersion = 10.0.40219.1
Project("{FAE04EC0-301F-11D3-BF4B-00C04F79EFBC}") = "Zipf Map Reduce", "Zipf Map Reduce.csproj", "{9315FAD3-4C33-4155-AC4D-FBB9D19FE54E}"
EndProject
Global
	GlobalSection(SolutionConfigurationPlatforms) = preSolution
		Debug|Any CPU = Debug|Any CPU
		Release|Any CPU = Release|Any CPU
	EndGlobalSection
	GlobalSection(ProjectConfigurationPlatforms) = postSolution
		{9315FAD3-4C33-4155-AC4D-FBB9D19FE54E}.Debug|Any CPU.ActiveCfg = Debug|Any CPU
		{9315FAD3-4C33-4155-AC4D-FBB9D19FE54E}.Debug|Any CPU.Build.0 = Debug|Any CPU
		{9315FAD3-4C33-4155-AC4D-FBB9D19FE54E}.Release|Any CPU.ActiveCfg = Release|Any CPU
		{9315FAD3-4C33-4155-AC4D-FBB9D19FE54E}.Release|Any CPU.Build.0 = Release|Any CPU
	EndGlobalSection
	GlobalSection(SolutionProperties) = preSolution
		HideSolutionNode = FALSE
	EndGlobalSection
	GlobalSection(ExtensibilityGlobals) = postSolution
		SolutionGuid = {24AD4B4C-FF41-4EE2-9CF3-E3F57C5105E5}
	EndGlobalSection
EndGlobal
